{
  "nodes": {
    "firefox-addons": {
      "inputs": {
        "nixpkgs": [
          "nixpkgs"
        ]
      },
      "locked": {
        "dir": "pkgs/firefox-addons",
        "lastModified": 1772424169,
        "narHash": "sha256-mhv7yclJj+qCagNv0WOuob5yQNV1aTqKcJLfBMUqsVA=",
        "owner": "rycee",
        "repo": "nur-expressions",
        "rev": "701de032cc247a1c309a34f0ed646e824efd7ac6",
        "type": "gitlab"
      },
      "original": {
        "dir": "pkgs/firefox-addons",
        "owner": "rycee",
        "repo": "nur-expressions",
        "type": "gitlab"
      }
    },
    "flake-parts": {
      "inputs": {
        "nixpkgs-lib": [
          "neovim-nightly-overlay",
          "nixpkgs"
        ]
      },
      "locked": {
        "lastModified": 1772408722,
        "narHash": "sha256-rHuJtdcOjK7rAHpHphUb1iCvgkU3GpfvicLMwwnfMT0=",
        "owner": "hercules-ci",
        "repo": "flake-parts",
        "rev": "f20dc5d9b8027381c474144ecabc9034d6a839a3",
        "type": "github"
      },
      "original": {
        "owner": "hercules-ci",
        "repo": "flake-parts",
        "type": "github"
      }
    },
    "home-manager": {
      "inputs": {
        "nixpkgs": [
          "nixpkgs"
        ]
      },
      "locked": {
        "lastModified": 1771756436,
        "narHash": "sha256-Tl2I0YXdhSTufGqAaD1ySh8x+cvVsEI1mJyJg12lxhI=",
        "owner": "nix-community",
        "repo": "home-manager",
        "rev": "5bd3589390b431a63072868a90c0f24771ff4cbb",
        "type": "github"
      },
      "original": {
        "owner": "nix-community",
        "repo": "home-manager",
        "type": "github"
      }
    },
    "neovim-nightly-overlay": {
      "inputs": {
        "flake-parts": "flake-parts",
        "neovim-src": "neovim-src",
        "nixpkgs": "nixpkgs"
      },
      "locked": {
        "lastModified": 1773446705,
        "narHash": "sha256-IBAHAaYfiR9fhR+y6ZUdM697dht26tvrWeIrTLwBs3E=",
        "owner": "nix-community",
        "repo": "neovim-nightly-overlay",
        "rev": "49ff0692b00466bee56c3c72e91e4d0b8342a93b",
        "type": "github"
      },
      "original": {
        "owner": "nix-community",
        "repo": "neovim-nightly-overlay",
        "type": "github"
      }
    },
    "neovim-src": {
      "flake": false,
      "locked": {
        "lastModified": 1773431856,
        "narHash": "sha256-Oj4HMwF261bJCS/zqgmqdxoCBSeEjwghxW+1MA9Ktik=",
        "owner": "neovim",
        "repo": "neovim",
        "rev": "fd1e019e90e76bb3f6236210ac6287f3b8d4d47f",
        "type": "github"
      },
      "original": {
        "owner": "neovim",
        "repo": "neovim",
        "type": "github"
      }
    },
    "niri": {
      "inputs": {
        "niri-stable": "niri-stable",
        "niri-unstable": "niri-unstable",
        "nixpkgs": "nixpkgs_2",
        "nixpkgs-stable": "nixpkgs-stable",
        "xwayland-satellite-stable": "xwayland-satellite-stable",
        "xwayland-satellite-unstable": "xwayland-satellite-unstable"
      },
      "locked": {
        "lastModified": 1772473001,
        "narHash": "sha256-vMhspzhj6M4hfqM/wLgPG81xQh2sN5x0N6a3rHp5ZRo=",
        "owner": "sodiboo",
        "repo": "niri-flake",
        "rev": "475eb9fc8d1ffa906ac215e78e758a29597fcd5e",
        "type": "github"
      },
      "original": {
        "owner": "sodiboo",
        "repo": "niri-flake",
        "type": "github"
      }
    },
    "niri-stable": {
      "flake": false,
      "locked": {
        "lastModified": 1756556321,
        "narHash": "sha256-RLD89dfjN0RVO86C/Mot0T7aduCygPGaYbog566F0Qo=",
        "owner": "YaLTeR",
        "repo": "niri",
        "rev": "01be0e65f4eb91a9cd624ac0b76aaeab765c7294",
        "type": "github"
      },
      "original": {
        "owner": "YaLTeR",
        "ref": "v25.08",
        "repo": "niri",
        "type": "github"
      }
    },
    "niri-unstable": {
      "flake": false,
      "locked": {
        "lastModified": 1772207631,
        "narHash": "sha256-Jkkg+KqshFO3CbTszVVpkKN2AOObYz+wMsM3ONo1z5g=",
        "owner": "YaLTeR",
        "repo": "niri",
        "rev": "e708f546153f74acf33eb183b3b2992587a701e5",
        "type": "github"
      },
      "original": {
        "owner": "YaLTeR",
        "repo": "niri",
        "type": "github"
      }
    },
    "nixpkgs": {
      "locked": {
        "lastModified": 1773231277,
        "narHash": "sha256-Xy3WEpUAbpsz8ydgvVAQAGGB/WB+8cNA5cshiL0McTI=",
        "owner": "NixOS",
        "repo": "nixpkgs",
        "rev": "75690239f08f885ca9b0267580101f60d10fbe62",
        "type": "github"
      },
      "original": {
        "owner": "NixOS",
        "ref": "nixpkgs-unstable",
        "repo": "nixpkgs",
        "type": "github"
      }
    },
    "nixpkgs-stable": {
      "locked": {
        "lastModified": 1772047000,
        "narHash": "sha256-7DaQVv4R97cii/Qdfy4tmDZMB2xxtyIvNGSwXBBhSmo=",
        "owner": "NixOS",
        "repo": "nixpkgs",
        "rev": "1267bb4920d0fc06ea916734c11b0bf004bbe17e",
        "type": "github"
      },
      "original": {
        "owner": "NixOS",
        "ref": "nixos-25.11",
        "repo": "nixpkgs",
        "type": "github"
      }
    },
    "nixpkgs-stable_2": {
      "locked": {
        "lastModified": 1772047000,
        "narHash": "sha256-7DaQVv4R97cii/Qdfy4tmDZMB2xxtyIvNGSwXBBhSmo=",
        "owner": "nixos",
        "repo": "nixpkgs",
        "rev": "1267bb4920d0fc06ea916734c11b0bf004bbe17e",
        "type": "github"
      },
      "original": {
        "owner": "nixos",
        "ref": "nixos-25.11",
        "repo": "nixpkgs",
        "type": "github"
      }
    },
    "nixpkgs_2": {
      "locked": {
        "lastModified": 1772433332,
        "narHash": "sha256-izhTDFKsg6KeVBxJS9EblGeQ8y+O8eCa6RcW874vxEc=",
        "owner": "NixOS",
        "repo": "nixpkgs",
        "rev": "cf59864ef8aa2e178cccedbe2c178185b0365705",
        "type": "github"
      },
      "original": {
        "owner": "NixOS",
        "ref": "nixos-unstable",
        "repo": "nixpkgs",
        "type": "github"
      }
    },
    "nixpkgs_3": {
      "locked": {
        "lastModified": 1771369470,
        "narHash": "sha256-0NBlEBKkN3lufyvFegY4TYv5mCNHbi5OmBDrzihbBMQ=",
        "owner": "nixos",
        "repo": "nixpkgs",
        "rev": "0182a361324364ae3f436a63005877674cf45efb",
        "type": "github"
      },
      "original": {
        "owner": "nixos",
        "ref": "nixos-unstable",
        "repo": "nixpkgs",
        "type": "github"
      }
    },
    "noctalia": {
      "inputs": {
        "nixpkgs": [
          "nixpkgs"
        ]
      },
      "locked": {
        "lastModified": 1771756937,
        "narHash": "sha256-eeF+rEdWTvlNBdSBnVpnIcKUoRtdgvQtG9RCJCbuq9Q=",
        "owner": "noctalia-dev",
        "repo": "noctalia-shell",
        "rev": "76a58bcd611264d107c575df610bd34b68c5498f",
        "type": "github"
      },
      "original": {
        "owner": "noctalia-dev",
        "repo": "noctalia-shell",
        "type": "github"
      }
    },
    "plasma-manager": {
      "inputs": {
        "home-manager": [
          "home-manager"
        ],
        "nixpkgs": [
          "nixpkgs"
        ]
      },
      "locked": {
        "lastModified": 1770766818,
        "narHash": "sha256-12RCFLyAedyMOdenUi7cN3ioJPEGjA/ZG1BLjugfUVs=",
        "owner": "nix-community",
        "repo": "plasma-manager",
        "rev": "44b928068359b7d2310a34de39555c63c93a2c90",
        "type": "github"
      },
      "original": {
        "owner": "nix-community",
        "repo": "plasma-manager",
        "type": "github"
      }
    },
    "root": {
      "inputs": {
        "firefox-addons": "firefox-addons",
        "home-manager": "home-manager",
        "neovim-nightly-overlay": "neovim-nightly-overlay",
        "niri": "niri",
        "nixpkgs": "nixpkgs_3",
        "nixpkgs-stable": "nixpkgs-stable_2",
        "noctalia": "noctalia",
        "plasma-manager": "plasma-manager"
      }
    },
    "xwayland-satellite-stable": {
      "flake": false,
      "locked": {
        "lastModified": 1755491097,
        "narHash": "sha256-m+9tUfsmBeF2Gn4HWa6vSITZ4Gz1eA1F5Kh62B0N4oE=",
        "owner": "Supreeeme",
        "repo": "xwayland-satellite",
        "rev": "388d291e82ffbc73be18169d39470f340707edaa",
        "type": "github"
      },
      "original": {
        "owner": "Supreeeme",
        "ref": "v0.7",
        "repo": "xwayland-satellite",
        "type": "github"
      }
    },
    "xwayland-satellite-unstable": {
      "flake": false,
      "locked": {
        "lastModified": 1772429643,
        "narHash": "sha256-M+bAeCCcjBnVk6w/4dIVvXvpJwOKnXjwi/lDbaN6Yws=",
        "owner": "Supreeeme",
        "repo": "xwayland-satellite",
        "rev": "10f985b84cdbcc3bbf35b3e7e43d1b2a84fa9ce2",
        "type": "github"
      },
      "original": {
        "owner": "Supreeeme",
        "repo": "xwayland-satellite",
        "type": "github"
      }
    }
  },
  "root": "root",
  "version": 7
}
